
Microsoft Visual Studio Solution File, Format Version 12.00
# Visual Studio Version 17
VisualStudioVersion = 17.0.31903.59
MinimumVisualStudioVersion = 10.0.40219.1
Project("{FAE04EC0-301F-11D3-BF4B-00C04F79EFBC}") = "MagniClass", "MagniClass\MagniClass.csproj", "{64D14E91-E037-4426-BF43-EFE69D573E30}"
EndProject
Global
	GlobalSection(SolutionConfigurationPlatforms) = preSolution
		Debug|Any CPU = Debug|Any CPU
		Release|Any CPU = Release|Any CPU
	EndGlobalSection
	GlobalSection(ProjectConfigurationPlatforms) = postSolution
		{64D14E91-E037-4426-BF43-EFE69D573E30}.Debug|Any CPU.ActiveCfg = Debug|Any CPU
		{64D14E91-E037-4426-BF43-EFE69D573E30}.Debug|Any CPU.Build.0 = Debug|Any CPU
		{64D14E91-E037-4426-BF43-EFE69D573E30}.Release|Any CPU.ActiveCfg = Release|Any CPU
		{64D14E91-E037-4426-BF43-EFE69D573E30}.Release|Any CPU.Build.0 = Release|Any CPU
	EndGlobalSection
	GlobalSection(SolutionProperties) = preSolution
		HideSolutionNode = FALSE
	EndGlobalSection
	GlobalSection(ExtensibilityGlobals) = postSolution
		SolutionGuid = {7EABF566-33C3-4600-A76A-2AC101DD174E}
	EndGlobalSection
EndGlobal
